
Microsoft Visual Studio Solution File, Format Version 12.00
# Visual Studio Version 16
VisualStudioVersion = 25.0.1700.0
MinimumVisualStudioVersion = 10.0.40219.1
Project("{FAE04EC0-301F-11D3-BF4B-00C04F79EFBC}") = "TangyWeb_Server", "TangyWeb_Server\TangyWeb_Server.csproj", "{9F96696D-3C99-4142-AA51-83CED637FC7F}"
EndProject
Global
	GlobalSection(SolutionConfigurationPlatforms) = preSolution
		Debug|Any CPU = Debug|Any CPU
		Release|Any CPU = Release|Any CPU
	EndGlobalSection
	GlobalSection(ProjectConfigurationPlatforms) = postSolution
		{9F96696D-3C99-4142-AA51-83CED637FC7F}.Debug|Any CPU.ActiveCfg = Debug|Any CPU
		{9F96696D-3C99-4142-AA51-83CED637FC7F}.Debug|Any CPU.Build.0 = Debug|Any CPU
		{9F96696D-3C99-4142-AA51-83CED637FC7F}.Release|Any CPU.ActiveCfg = Release|Any CPU
		{9F96696D-3C99-4142-AA51-83CED637FC7F}.Release|Any CPU.Build.0 = Release|Any CPU
	EndGlobalSection
	GlobalSection(SolutionProperties) = preSolution
		HideSolutionNode = FALSE
	EndGlobalSection
	GlobalSection(ExtensibilityGlobals) = postSolution
		SolutionGuid = {245889B3-3E7D-4CBD-9109-A1BFFFC1EEE7}
	EndGlobalSection
EndGlobal
